
Microsoft Visual Studio Solution File, Format Version 12.00
# Visual Studio Version 16
VisualStudioVersion = 16.0.30413.136
MinimumVisualStudioVersion = 10.0.40219.1
Project("{9A19103F-16F7-4668-BE54-9A1E7A4F7556}") = "SRTPluginUIRECVXWPF", "SRTPluginUIRECVXWPF\SRTPluginUIRECVXWPF.csproj", "{79080B23-1BE3-4E8F-86E1-CA24DE24A61F}"
EndProject
Project("{9A19103F-16F7-4668-BE54-9A1E7A4F7556}") = "SRTPluginProviderRECVX", "..\re-cvx-srt-provider\SRTPluginProviderRECVX\SRTPluginProviderRECVX.csproj", "{2EA5AF33-2494-4CB7-B5F2-BB8D5E72A5C7}"
EndProject
Project("{9A19103F-16F7-4668-BE54-9A1E7A4F7556}") = "SRTPluginBase", "..\..\Squirrelies\SRTHost\SRTPluginBase\SRTPluginBase.csproj", "{92471CA8-98A3-4E6F-B525-95536D2077F3}"
EndProject
Project("{9A19103F-16F7-4668-BE54-9A1E7A4F7556}") = "SRTHost", "..\..\Squirrelies\SRTHost\SRTHost\SRTHost.csproj", "{918AF171-0474-4ABA-A949-3F648ECD8375}"
EndProject
Global
	GlobalSection(SolutionConfigurationPlatforms) = preSolution
		Debug|x64 = Debug|x64
		Release|x64 = Release|x64
	EndGlobalSection
	GlobalSection(ProjectConfigurationPlatforms) = postSolution
		{2EA5AF33-2494-4CB7-B5F2-BB8D5E72A5C7}.Debug|x64.ActiveCfg = Debug|x64
		{2EA5AF33-2494-4CB7-B5F2-BB8D5E72A5C7}.Debug|x64.Build.0 = Debug|x64
		{2EA5AF33-2494-4CB7-B5F2-BB8D5E72A5C7}.Release|x64.ActiveCfg = Release|x64
		{2EA5AF33-2494-4CB7-B5F2-BB8D5E72A5C7}.Release|x64.Build.0 = Release|x64
		{92471CA8-98A3-4E6F-B525-95536D2077F3}.Debug|x64.ActiveCfg = Debug|Any CPU
		{92471CA8-98A3-4E6F-B525-95536D2077F3}.Debug|x64.Build.0 = Debug|Any CPU
		{92471CA8-98A3-4E6F-B525-95536D2077F3}.Release|x64.ActiveCfg = Release|Any CPU
		{92471CA8-98A3-4E6F-B525-95536D2077F3}.Release|x64.Build.0 = Release|Any CPU
		{918AF171-0474-4ABA-A949-3F648ECD8375}.Debug|x64.ActiveCfg = Debug|x64
		{918AF171-0474-4ABA-A949-3F648ECD8375}.Debug|x64.Build.0 = Debug|x64
		{918AF171-0474-4ABA-A949-3F648ECD8375}.Release|x64.ActiveCfg = Release|x64
		{918AF171-0474-4ABA-A949-3F648ECD8375}.Release|x64.Build.0 = Release|x64
		{79080B23-1BE3-4E8F-86E1-CA24DE24A61F}.Debug|x64.ActiveCfg = Debug|x64
		{79080B23-1BE3-4E8F-86E1-CA24DE24A61F}.Debug|x64.Build.0 = Debug|x64
		{79080B23-1BE3-4E8F-86E1-CA24DE24A61F}.Release|x64.ActiveCfg = Release|x64
		{79080B23-1BE3-4E8F-86E1-CA24DE24A61F}.Release|x64.Build.0 = Release|x64
	EndGlobalSection
	GlobalSection(SolutionProperties) = preSolution
		HideSolutionNode = FALSE
	EndGlobalSection
	GlobalSection(ExtensibilityGlobals) = postSolution
		SolutionGuid = {CD150164-EE7A-48AC-96E4-AD97007A9ACC}
	EndGlobalSection
EndGlobal
